// !$*UTF8*$!
{
	archiveVersion = 1;
	classes = {
	};
	objectVersion = 50;
	objects = {

/* Begin PBXBuildFile section */
		AC00766F20FB30E600603B0D /* EventEditViewController.swift in Sources */ = {isa = PBXBuildFile; fileRef = AC00766E20FB30E600603B0D /* EventEditViewController.swift */; };
		AC0CBAE920F53B7A000A13F5 /* EventViewController.swift in Sources */ = {isa = PBXBuildFile; fileRef = AC0CBAE820F53B79000A13F5 /* EventViewController.swift */; };
		AC0CBAEE20F55134000A13F5 /* Storage.swift in Sources */ = {isa = PBXBuildFile; fileRef = AC0CBAED20F55134000A13F5 /* Storage.swift */; };
		AC0CBAF020F55278000A13F5 /* SQLiteStorage.swift in Sources */ = {isa = PBXBuildFile; fileRef = AC0CBAEF20F55278000A13F5 /* SQLiteStorage.swift */; };
		AC0CBAF220F552E3000A13F5 /* CalendarEvent.swift in Sources */ = {isa = PBXBuildFile; fileRef = AC0CBAF120F552E3000A13F5 /* CalendarEvent.swift */; };
		AC0EE1122125D53900F91E62 /* EventEditViewControllerExtensions.swift in Sources */ = {isa = PBXBuildFile; fileRef = AC0EE1112125D53900F91E62 /* EventEditViewControllerExtensions.swift */; };
		AC1FDDFF210E09A8007D4915 /* CollectionViewCell.swift in Sources */ = {isa = PBXBuildFile; fileRef = AC1FDDFD210E09A8007D4915 /* CollectionViewCell.swift */; };
		AC2C8B05210C8DC600E1D487 /* EventListItem.swift in Sources */ = {isa = PBXBuildFile; fileRef = AC2C8B04210C8DC600E1D487 /* EventListItem.swift */; };
		AC2C8B09210D980F00E1D487 /* EventListItem.xib in Resources */ = {isa = PBXBuildFile; fileRef = AC2C8B08210D980F00E1D487 /* EventListItem.xib */; };
		AC8ADEAB20EC06770007905D /* AppDelegate.swift in Sources */ = {isa = PBXBuildFile; fileRef = AC8ADEAA20EC06770007905D /* AppDelegate.swift */; };
		AC8ADEAD20EC06770007905D /* MainViewController.swift in Sources */ = {isa = PBXBuildFile; fileRef = AC8ADEAC20EC06770007905D /* MainViewController.swift */; };
		AC8ADEB020EC06770007905D /* Main.storyboard in Resources */ = {isa = PBXBuildFile; fileRef = AC8ADEAE20EC06770007905D /* Main.storyboard */; };
		AC8ADEB220EC06780007905D /* Assets.xcassets in Resources */ = {isa = PBXBuildFile; fileRef = AC8ADEB120EC06780007905D /* Assets.xcassets */; };
		AC8ADEB520EC06780007905D /* LaunchScreen.storyboard in Resources */ = {isa = PBXBuildFile; fileRef = AC8ADEB320EC06780007905D /* LaunchScreen.storyboard */; };
		AC9F69A2210DDD1900FEA704 /* Indicator.swift in Sources */ = {isa = PBXBuildFile; fileRef = AC9F69A1210DDD1900FEA704 /* Indicator.swift */; };
		AC9F69A4210DF49C00FEA704 /* MonthView.swift in Sources */ = {isa = PBXBuildFile; fileRef = AC9F69A3210DF49C00FEA704 /* MonthView.swift */; };
		ACD08274210E698D0040095D /* Extensions.swift in Sources */ = {isa = PBXBuildFile; fileRef = ACD08273210E698D0040095D /* Extensions.swift */; };
/* End PBXBuildFile section */

/* Begin PBXFileReference section */
		AC00766E20FB30E600603B0D /* EventEditViewController.swift */ = {isa = PBXFileReference; lastKnownFileType = sourcecode.swift; path = EventEditViewController.swift; sourceTree = "<group>"; };
		AC0CBAE820F53B79000A13F5 /* EventViewController.swift */ = {isa = PBXFileReference; lastKnownFileType = sourcecode.swift; path = EventViewController.swift; sourceTree = "<group>"; };
		AC0CBAED20F55134000A13F5 /* Storage.swift */ = {isa = PBXFileReference; lastKnownFileType = sourcecode.swift; path = Storage.swift; sourceTree = "<group>"; };
		AC0CBAEF20F55278000A13F5 /* SQLiteStorage.swift */ = {isa = PBXFileReference; lastKnownFileType = sourcecode.swift; path = SQLiteStorage.swift; sourceTree = "<group>"; };
		AC0CBAF120F552E3000A13F5 /* CalendarEvent.swift */ = {isa = PBXFileReference; lastKnownFileType = sourcecode.swift; path = CalendarEvent.swift; sourceTree = "<group>"; };
		AC0EE1112125D53900F91E62 /* EventEditViewControllerExtensions.swift */ = {isa = PBXFileReference; lastKnownFileType = sourcecode.swift; path = EventEditViewControllerExtensions.swift; sourceTree = "<group>"; };
		AC1FDDFD210E09A8007D4915 /* CollectionViewCell.swift */ = {isa = PBXFileReference; lastKnownFileType = sourcecode.swift; path = CollectionViewCell.swift; sourceTree = "<group>"; };
		AC2C8B04210C8DC600E1D487 /* EventListItem.swift */ = {isa = PBXFileReference; lastKnownFileType = sourcecode.swift; path = EventListItem.swift; sourceTree = "<group>"; };
		AC2C8B08210D980F00E1D487 /* EventListItem.xib */ = {isa = PBXFileReference; lastKnownFileType = file.xib; path = EventListItem.xib; sourceTree = "<group>"; };
		AC8ADEA720EC06770007905D /* TattooScheduler.app */ = {isa = PBXFileReference; explicitFileType = wrapper.application; includeInIndex = 0; path = TattooScheduler.app; sourceTree = BUILT_PRODUCTS_DIR; };
		AC8ADEAA20EC06770007905D /* AppDelegate.swift */ = {isa = PBXFileReference; lastKnownFileType = sourcecode.swift; path = AppDelegate.swift; sourceTree = "<group>"; };
		AC8ADEAC20EC06770007905D /* MainViewController.swift */ = {isa = PBXFileReference; lastKnownFileType = sourcecode.swift; path = MainViewController.swift; sourceTree = "<group>"; };
		AC8ADEAF20EC06770007905D /* Base */ = {isa = PBXFileReference; lastKnownFileType = file.storyboard; name = Base; path = Base.lproj/Main.storyboard; sourceTree = "<group>"; };
		AC8ADEB120EC06780007905D /* Assets.xcassets */ = {isa = PBXFileReference; lastKnownFileType = folder.assetcatalog; path = Assets.xcassets; sourceTree = "<group>"; };
		AC8ADEB420EC06780007905D /* Base */ = {isa = PBXFileReference; lastKnownFileType = file.storyboard; name = Base; path = Base.lproj/LaunchScreen.storyboard; sourceTree = "<group>"; };
		AC8ADEB620EC06780007905D /* Info.plist */ = {isa = PBXFileReference; lastKnownFileType = text.plist.xml; path = Info.plist; sourceTree = "<group>"; };
		AC9F69A1210DDD1900FEA704 /* Indicator.swift */ = {isa = PBXFileReference; lastKnownFileType = sourcecode.swift; path = Indicator.swift; sourceTree = "<group>"; };
		AC9F69A3210DF49C00FEA704 /* MonthView.swift */ = {isa = PBXFileReference; lastKnownFileType = sourcecode.swift; path = MonthView.swift; sourceTree = "<group>"; };
		ACD08273210E698D0040095D /* Extensions.swift */ = {isa = PBXFileReference; lastKnownFileType = sourcecode.swift; path = Extensions.swift; sourceTree = "<group>"; };
/* End PBXFileReference section */

/* Begin PBXFrameworksBuildPhase section */
		AC8ADEA420EC06770007905D /* Frameworks */ = {
			isa = PBXFrameworksBuildPhase;
			buildActionMask = 2147483647;
			files = (
			);
			runOnlyForDeploymentPostprocessing = 0;
		};
/* End PBXFrameworksBuildPhase section */

/* Begin PBXGroup section */
		AC00767020FBA00200603B0D /* views */ = {
			isa = PBXGroup;
			children = (
				AC2C8B04210C8DC600E1D487 /* EventListItem.swift */,
				AC2C8B08210D980F00E1D487 /* EventListItem.xib */,
				AC9F69A1210DDD1900FEA704 /* Indicator.swift */,
				AC9F69A3210DF49C00FEA704 /* MonthView.swift */,
				AC1FDDFD210E09A8007D4915 /* CollectionViewCell.swift */,
			);
			path = views;
			sourceTree = "<group>";
		};
		AC0CBAF320F55544000A13F5 /* data */ = {
			isa = PBXGroup;
			children = (
				AC0CBAED20F55134000A13F5 /* Storage.swift */,
				AC0CBAEF20F55278000A13F5 /* SQLiteStorage.swift */,
				AC0CBAF120F552E3000A13F5 /* CalendarEvent.swift */,
			);
			path = data;
			sourceTree = "<group>";
		};
		AC8ADE9E20EC06770007905D = {
			isa = PBXGroup;
			children = (
				AC8ADEA920EC06770007905D /* TattooScheduler */,
				AC8ADEA820EC06770007905D /* Products */,
			);
			sourceTree = "<group>";
		};
		AC8ADEA820EC06770007905D /* Products */ = {
			isa = PBXGroup;
			children = (
				AC8ADEA720EC06770007905D /* TattooScheduler.app */,
			);
			name = Products;
			sourceTree = "<group>";
		};
		AC8ADEA920EC06770007905D /* TattooScheduler */ = {
			isa = PBXGroup;
			children = (
				AC8ADEBC20EC06870007905D /* src */,
				AC8ADEAE20EC06770007905D /* Main.storyboard */,
				AC8ADEB120EC06780007905D /* Assets.xcassets */,
				AC8ADEB320EC06780007905D /* LaunchScreen.storyboard */,
				AC8ADEB620EC06780007905D /* Info.plist */,
			);
			path = TattooScheduler;
			sourceTree = "<group>";
		};
		AC8ADEBC20EC06870007905D /* src */ = {
			isa = PBXGroup;
			children = (
				AC8ADEAA20EC06770007905D /* AppDelegate.swift */,
				AC8ADEAC20EC06770007905D /* MainViewController.swift */,
				AC0CBAE820F53B79000A13F5 /* EventViewController.swift */,
				AC00766E20FB30E600603B0D /* EventEditViewController.swift */,
				AC0CBAF320F55544000A13F5 /* data */,
				AC00767020FBA00200603B0D /* views */,
				ACD08272210E69450040095D /* utils */,
			);
			path = src;
			sourceTree = "<group>";
		};
		ACD08272210E69450040095D /* utils */ = {
			isa = PBXGroup;
			children = (
				AC0EE1112125D53900F91E62 /* EventEditViewControllerExtensions.swift */,
				ACD08273210E698D0040095D /* Extensions.swift */,
			);
			path = utils;
			sourceTree = "<group>";
		};
/* End PBXGroup section */

/* Begin PBXNativeTarget section */
		AC8ADEA620EC06770007905D /* TattooScheduler */ = {
			isa = PBXNativeTarget;
			buildConfigurationList = AC8ADEB920EC06780007905D /* Build configuration list for PBXNativeTarget "TattooScheduler" */;
			buildPhases = (
				AC8ADEA320EC06770007905D /* Sources */,
				AC8ADEA420EC06770007905D /* Frameworks */,
				AC8ADEA520EC06770007905D /* Resources */,
			);
			buildRules = (
			);
			dependencies = (
			);
			name = TattooScheduler;
			productName = TattooScheduler;
			productReference = AC8ADEA720EC06770007905D /* TattooScheduler.app */;
			productType = "com.apple.product-type.application";
		};
/* End PBXNativeTarget section */

/* Begin PBXProject section */
		AC8ADE9F20EC06770007905D /* Project object */ = {
			isa = PBXProject;
			attributes = {
				LastSwiftUpdateCheck = 0930;
				LastUpgradeCheck = 0930;
				ORGANIZATIONNAME = Artem;
				TargetAttributes = {
					AC8ADEA620EC06770007905D = {
						CreatedOnToolsVersion = 9.3.1;
					};
				};
			};
			buildConfigurationList = AC8ADEA220EC06770007905D /* Build configuration list for PBXProject "TattooScheduler" */;
			compatibilityVersion = "Xcode 9.3";
			developmentRegion = en;
			hasScannedForEncodings = 0;
			knownRegions = (
				en,
				Base,
			);
			mainGroup = AC8ADE9E20EC06770007905D;
			productRefGroup = AC8ADEA820EC06770007905D /* Products */;
			projectDirPath = "";
			projectRoot = "";
			targets = (
				AC8ADEA620EC06770007905D /* TattooScheduler */,
			);
		};
/* End PBXProject section */

/* Begin PBXResourcesBuildPhase section */
		AC8ADEA520EC06770007905D /* Resources */ = {
			isa = PBXResourcesBuildPhase;
			buildActionMask = 2147483647;
			files = (
				AC8ADEB520EC06780007905D /* LaunchScreen.storyboard in Resources */,
				AC8ADEB220EC06780007905D /* Assets.xcassets in Resources */,
				AC2C8B09210D980F00E1D487 /* EventListItem.xib in Resources */,
				AC8ADEB020EC06770007905D /* Main.storyboard in Resources */,
			);
			runOnlyForDeploymentPostprocessing = 0;
		};
/* End PBXResourcesBuildPhase section */

/* Begin PBXSourcesBuildPhase section */
		AC8ADEA320EC06770007905D /* Sources */ = {
			isa = PBXSourcesBuildPhase;
			buildActionMask = 2147483647;
			files = (
				AC9F69A4210DF49C00FEA704 /* MonthView.swift in Sources */,
				AC8ADEAD20EC06770007905D /* MainViewController.swift in Sources */,
				AC1FDDFF210E09A8007D4915 /* CollectionViewCell.swift in Sources */,
				AC0CBAE920F53B7A000A13F5 /* EventViewController.swift in Sources */,
				AC9F69A2210DDD1900FEA704 /* Indicator.swift in Sources */,
				AC8ADEAB20EC06770007905D /* AppDelegate.swift in Sources */,
				AC0EE1122125D53900F91E62 /* EventEditViewControllerExtensions.swift in Sources */,
				AC0CBAEE20F55134000A13F5 /* Storage.swift in Sources */,
				ACD08274210E698D0040095D /* Extensions.swift in Sources */,
				AC2C8B05210C8DC600E1D487 /* EventListItem.swift in Sources */,
				AC0CBAF020F55278000A13F5 /* SQLiteStorage.swift in Sources */,
				AC0CBAF220F552E3000A13F5 /* CalendarEvent.swift in Sources */,
				AC00766F20FB30E600603B0D /* EventEditViewController.swift in Sources */,
			);
			runOnlyForDeploymentPostprocessing = 0;
		};
/* End PBXSourcesBuildPhase section */

/* Begin PBXVariantGroup section */
		AC8ADEAE20EC06770007905D /* Main.storyboard */ = {
			isa = PBXVariantGroup;
			children = (
				AC8ADEAF20EC06770007905D /* Base */,
			);
			name = Main.storyboard;
			sourceTree = "<group>";
		};
		AC8ADEB320EC06780007905D /* LaunchScreen.storyboard */ = {
			isa = PBXVariantGroup;
			children = (
				AC8ADEB420EC06780007905D /* Base */,
			);
			name = LaunchScreen.storyboard;
			sourceTree = "<group>";
		};
/* End PBXVariantGroup section */

/* Begin XCBuildConfiguration section */
		AC8ADEB720EC06780007905D /* Debug */ = {
			isa = XCBuildConfiguration;
			buildSettings = {
				ALWAYS_SEARCH_USER_PATHS = NO;
				CLANG_ANALYZER_NONNULL = YES;
				CLANG_ANALYZER_NUMBER_OBJECT_CONVERSION = YES_AGGRESSIVE;
				CLANG_CXX_LANGUAGE_STANDARD = "gnu++14";
				CLANG_CXX_LIBRARY = "libc++";
				CLANG_ENABLE_MODULES = YES;
				CLANG_ENABLE_OBJC_ARC = YES;
				CLANG_ENABLE_OBJC_WEAK = YES;
				CLANG_WARN_BLOCK_CAPTURE_AUTORELEASING = YES;
				CLANG_WARN_BOOL_CONVERSION = YES;
				CLANG_WARN_COMMA = YES;
				CLANG_WARN_CONSTANT_CONVERSION = YES;
				CLANG_WARN_DEPRECATED_OBJC_IMPLEMENTATIONS = YES;
				CLANG_WARN_DIRECT_OBJC_ISA_USAGE = YES_ERROR;
				CLANG_WARN_DOCUMENTATION_COMMENTS = YES;
				CLANG_WARN_EMPTY_BODY = YES;
				CLANG_WARN_ENUM_CONVERSION = YES;
				CLANG_WARN_INFINITE_RECURSION = YES;
				CLANG_WARN_INT_CONVERSION = YES;
				CLANG_WARN_NON_LITERAL_NULL_CONVERSION = YES;
				CLANG_WARN_OBJC_IMPLICIT_RETAIN_SELF = YES;
				CLANG_WARN_OBJC_LITERAL_CONVERSION = YES;
				CLANG_WARN_OBJC_ROOT_CLASS = YES_ERROR;
				CLANG_WARN_RANGE_LOOP_ANALYSIS = YES;
				CLANG_WARN_STRICT_PROTOTYPES = YES;
				CLANG_WARN_SUSPICIOUS_MOVE = YES;
				CLANG_WARN_UNGUARDED_AVAILABILITY = YES_AGGRESSIVE;
				CLANG_WARN_UNREACHABLE_CODE = YES;
				CLANG_WARN__DUPLICATE_METHOD_MATCH = YES;
				CODE_SIGN_IDENTITY = "iPhone Developer";
				COPY_PHASE_STRIP = NO;
				DEBUG_INFORMATION_FORMAT = dwarf;
				ENABLE_STRICT_OBJC_MSGSEND = YES;
				ENABLE_TESTABILITY = YES;
				GCC_C_LANGUAGE_STANDARD = gnu11;
				GCC_DYNAMIC_NO_PIC = NO;
				GCC_NO_COMMON_BLOCKS = YES;
				GCC_OPTIMIZATION_LEVEL = 0;
				GCC_PREPROCESSOR_DEFINITIONS = (
					"DEBUG=1",
					"$(inherited)",
				);
				GCC_WARN_64_TO_32_BIT_CONVERSION = YES;
				GCC_WARN_ABOUT_RETURN_TYPE = YES_ERROR;
				GCC_WARN_UNDECLARED_SELECTOR = YES;
				GCC_WARN_UNINITIALIZED_AUTOS = YES_AGGRESSIVE;
				GCC_WARN_UNUSED_FUNCTION = YES;
				GCC_WARN_UNUSED_VARIABLE = YES;
				IPHONEOS_DEPLOYMENT_TARGET = 11.3;
				MTL_ENABLE_DEBUG_INFO = YES;
				ONLY_ACTIVE_ARCH = YES;
				SDKROOT = iphoneos;
				SWIFT_ACTIVE_COMPILATION_CONDITIONS = DEBUG;
				SWIFT_OPTIMIZATION_LEVEL = "-Onone";
			};
			name = Debug;
		};
		AC8ADEB820EC06780007905D /* Release */ = {
			isa = XCBuildConfiguration;
			buildSettings = {
				ALWAYS_SEARCH_USER_PATHS = NO;
				CLANG_ANALYZER_NONNULL = YES;
				CLANG_ANALYZER_NUMBER_OBJECT_CONVERSION = YES_AGGRESSIVE;
				CLANG_CXX_LANGUAGE_STANDARD = "gnu++14";
				CLANG_CXX_LIBRARY = "libc++";
				CLANG_ENABLE_MODULES = YES;
				CLANG_ENABLE_OBJC_ARC = YES;
				CLANG_ENABLE_OBJC_WEAK = YES;
				CLANG_WARN_BLOCK_CAPTURE_AUTORELEASING = YES;
				CLANG_WARN_BOOL_CONVERSION = YES;
				CLANG_WARN_COMMA = YES;
				CLANG_WARN_CONSTANT_CONVERSION = YES;
				CLANG_WARN_DEPRECATED_OBJC_IMPLEMENTATIONS = YES;
				CLANG_WARN_DIRECT_OBJC_ISA_USAGE = YES_ERROR;
				CLANG_WARN_DOCUMENTATION_COMMENTS = YES;
				CLANG_WARN_EMPTY_BODY = YES;
				CLANG_WARN_ENUM_CONVERSION = YES;
				CLANG_WARN_INFINITE_RECURSION = YES;
				CLANG_WARN_INT_CONVERSION = YES;
				CLANG_WARN_NON_LITERAL_NULL_CONVERSION = YES;
				CLANG_WARN_OBJC_IMPLICIT_RETAIN_SELF = YES;
				CLANG_WARN_OBJC_LITERAL_CONVERSION = YES;
				CLANG_WARN_OBJC_ROOT_CLASS = YES_ERROR;
				CLANG_WARN_RANGE_LOOP_ANALYSIS = YES;
				CLANG_WARN_STRICT_PROTOTYPES = YES;
				CLANG_WARN_SUSPICIOUS_MOVE = YES;
				CLANG_WARN_UNGUARDED_AVAILABILITY = YES_AGGRESSIVE;
				CLANG_WARN_UNREACHABLE_CODE = YES;
				CLANG_WARN__DUPLICATE_METHOD_MATCH = YES;
				CODE_SIGN_IDENTITY = "iPhone Developer";
				COPY_PHASE_STRIP = NO;
				DEBUG_INFORMATION_FORMAT = "dwarf-with-dsym";
				ENABLE_NS_ASSERTIONS = NO;
				ENABLE_STRICT_OBJC_MSGSEND = YES;
				GCC_C_LANGUAGE_STANDARD = gnu11;
				GCC_NO_COMMON_BLOCKS = YES;
				GCC_WARN_64_TO_32_BIT_CONVERSION = YES;
				GCC_WARN_ABOUT_RETURN_TYPE = YES_ERROR;
				GCC_WARN_UNDECLARED_SELECTOR = YES;
				GCC_WARN_UNINITIALIZED_AUTOS = YES_AGGRESSIVE;
				GCC_WARN_UNUSED_FUNCTION = YES;
				GCC_WARN_UNUSED_VARIABLE = YES;
				IPHONEOS_DEPLOYMENT_TARGET = 11.3;
				MTL_ENABLE_DEBUG_INFO = NO;
				SDKROOT = iphoneos;
				SWIFT_COMPILATION_MODE = wholemodule;
				SWIFT_OPTIMIZATION_LEVEL = "-O";
				VALIDATE_PRODUCT = YES;
			};
			name = Release;
		};
		AC8ADEBA20EC06780007905D /* Debug */ = {
			isa = XCBuildConfiguration;
			buildSettings = {
				ASSETCATALOG_COMPILER_APPICON_NAME = AppIcon;
				CODE_SIGN_STYLE = Automatic;
				DEVELOPMENT_TEAM = HW7E3K7SF5;
				INFOPLIST_FILE = TattooScheduler/Info.plist;
				LD_RUNPATH_SEARCH_PATHS = (
					"$(inherited)",
					"@executable_path/Frameworks",
				);
				PRODUCT_BUNDLE_IDENTIFIER = "-.TattooScheduler";
				PRODUCT_NAME = "$(TARGET_NAME)";
				SWIFT_VERSION = 4.0;
				TARGETED_DEVICE_FAMILY = "1,2";
			};
			name = Debug;
		};
		AC8ADEBB20EC06780007905D /* Release */ = {
			isa = XCBuildConfiguration;
			buildSettings = {
				ASSETCATALOG_COMPILER_APPICON_NAME = AppIcon;
				CODE_SIGN_STYLE = Automatic;
				DEVELOPMENT_TEAM = HW7E3K7SF5;
				INFOPLIST_FILE = TattooScheduler/Info.plist;
				LD_RUNPATH_SEARCH_PATHS = (
					"$(inherited)",
					"@executable_path/Frameworks",
				);
				PRODUCT_BUNDLE_IDENTIFIER = "-.TattooScheduler";
				PRODUCT_NAME = "$(TARGET_NAME)";
				SWIFT_VERSION = 4.0;
				TARGETED_DEVICE_FAMILY = "1,2";
			};
			name = Release;
		};
/* End XCBuildConfiguration section */

/* Begin XCConfigurationList section */
		AC8ADEA220EC06770007905D /* Build configuration list for PBXProject "TattooScheduler" */ = {
			isa = XCConfigurationList;
			buildConfigurations = (
				AC8ADEB720EC06780007905D /* Debug */,
				AC8ADEB820EC06780007905D /* Release */,
			);
			defaultConfigurationIsVisible = 0;
			defaultConfigurationName = Release;
		};
		AC8ADEB920EC06780007905D /* Build configuration list for PBXNativeTarget "TattooScheduler" */ = {
			isa = XCConfigurationList;
			buildConfigurations = (
				AC8ADEBA20EC06780007905D /* Debug */,
				AC8ADEBB20EC06780007905D /* Release */,
			);
			defaultConfigurationIsVisible = 0;
			defaultConfigurationName = Release;
		};
/* End XCConfigurationList section */
	};
	rootObject = AC8ADE9F20EC06770007905D /* Project object */;
}
